
Microsoft Visual Studio Solution File, Format Version 12.00
# Visual Studio 15
VisualStudioVersion = 15.0.28010.2050
MinimumVisualStudioVersion = 10.0.40219.1
Project("{FAE04EC0-301F-11D3-BF4B-00C04F79EFBC}") = "EapExampleClient", "EapExampleClient\EapExampleClient.csproj", "{AD268B2F-E601-47D5-AA2A-B219E1EA65E1}"
EndProject
Global
	GlobalSection(SolutionConfigurationPlatforms) = preSolution
		Debug|Any CPU = Debug|Any CPU
		Release|Any CPU = Release|Any CPU
	EndGlobalSection
	GlobalSection(ProjectConfigurationPlatforms) = postSolution
		{AD268B2F-E601-47D5-AA2A-B219E1EA65E1}.Debug|Any CPU.ActiveCfg = Debug|Any CPU
		{AD268B2F-E601-47D5-AA2A-B219E1EA65E1}.Debug|Any CPU.Build.0 = Debug|Any CPU
		{AD268B2F-E601-47D5-AA2A-B219E1EA65E1}.Release|Any CPU.ActiveCfg = Release|Any CPU
		{AD268B2F-E601-47D5-AA2A-B219E1EA65E1}.Release|Any CPU.Build.0 = Release|Any CPU
	EndGlobalSection
	GlobalSection(SolutionProperties) = preSolution
		HideSolutionNode = FALSE
	EndGlobalSection
	GlobalSection(ExtensibilityGlobals) = postSolution
		SolutionGuid = {BBAA40F2-6B37-43ED-B33C-4E76AF322E7F}
	EndGlobalSection
EndGlobal
